
Microsoft Visual Studio Solution File, Format Version 12.00
# Visual Studio Version 16
VisualStudioVersion = 16.0.31321.278
MinimumVisualStudioVersion = 10.0.40219.1
Project("{9A19103F-16F7-4668-BE54-9A1E7A4F7556}") = "ZeroC.Test", "ZeroC.Test\ZeroC.Test.csproj", "{C12A3EB8-FB55-40C2-B6BF-390A67BDBFCE}"
EndProject
Project("{FAE04EC0-301F-11D3-BF4B-00C04F79EFBC}") = "ZeroC", "ZeroC\ZeroC.csproj", "{C9EFEFFA-AD3D-4859-8BB7-1777219AF2FF}"
EndProject
Global
	GlobalSection(SolutionConfigurationPlatforms) = preSolution
		Debug|Any CPU = Debug|Any CPU
		Release|Any CPU = Release|Any CPU
	EndGlobalSection
	GlobalSection(ProjectConfigurationPlatforms) = postSolution
		{C12A3EB8-FB55-40C2-B6BF-390A67BDBFCE}.Debug|Any CPU.ActiveCfg = Debug|Any CPU
		{C12A3EB8-FB55-40C2-B6BF-390A67BDBFCE}.Debug|Any CPU.Build.0 = Debug|Any CPU
		{C12A3EB8-FB55-40C2-B6BF-390A67BDBFCE}.Release|Any CPU.ActiveCfg = Release|Any CPU
		{C12A3EB8-FB55-40C2-B6BF-390A67BDBFCE}.Release|Any CPU.Build.0 = Release|Any CPU
		{C9EFEFFA-AD3D-4859-8BB7-1777219AF2FF}.Debug|Any CPU.ActiveCfg = Debug|Any CPU
		{C9EFEFFA-AD3D-4859-8BB7-1777219AF2FF}.Debug|Any CPU.Build.0 = Debug|Any CPU
		{C9EFEFFA-AD3D-4859-8BB7-1777219AF2FF}.Release|Any CPU.ActiveCfg = Release|Any CPU
		{C9EFEFFA-AD3D-4859-8BB7-1777219AF2FF}.Release|Any CPU.Build.0 = Release|Any CPU
	EndGlobalSection
	GlobalSection(SolutionProperties) = preSolution
		HideSolutionNode = FALSE
	EndGlobalSection
	GlobalSection(ExtensibilityGlobals) = postSolution
		SolutionGuid = {8C5F75D2-9DF8-4BDD-AEA6-3FD771CA6B33}
	EndGlobalSection
EndGlobal
